<?xml version="1.0" encoding="UTF-8"?>
<CodeBlocks_project_file>
	<FileVersion major="1" minor="6"/>
	<Project>
		<Option title="vollkommen"/>
		<Option makefile_is_custom="1"/>
		<Option compiler="gcc"/>
		<Option virtualFolders="CMake Files\;CMake Files\..\;CMake Files\..\..\;CMake Files\..\..\..\;CMake Files\..\..\..\usr\;CMake Files\..\..\..\usr\lib64\;CMake Files\..\..\..\usr\lib64\cmake\;CMake Files\..\..\..\usr\lib64\cmake\Qt5Core\;"/>
		<Build>
			<Target title="all">
				<Option working_dir="/home/ipk/build-vollkommen-Desktop-Default"/>
				<Option type="4"/>
				<MakeCommands>
					<Build command="/usr/bin/gmake -j2 -f &quot;/home/ipk/build-vollkommen-Desktop-Default/Makefile&quot;  VERBOSE=1 all"/>
					<CompileFile command="/usr/bin/gmake -j2 -f &quot;/home/ipk/build-vollkommen-Desktop-Default/Makefile&quot;  VERBOSE=1 &quot;$file&quot;"/>
					<Clean command="/usr/bin/gmake -j2 -f &quot;/home/ipk/build-vollkommen-Desktop-Default/Makefile&quot;  VERBOSE=1 clean"/>
					<DistClean command="/usr/bin/gmake -j2 -f &quot;/home/ipk/build-vollkommen-Desktop-Default/Makefile&quot;  VERBOSE=1 clean"/>
				</MakeCommands>
			</Target>
			<Target title="rebuild_cache">
				<Option working_dir="/home/ipk/build-vollkommen-Desktop-Default"/>
				<Option type="4"/>
				<MakeCommands>
					<Build command="/usr/bin/gmake -j2 -f &quot;/home/ipk/build-vollkommen-Desktop-Default/Makefile&quot;  VERBOSE=1 rebuild_cache"/>
					<CompileFile command="/usr/bin/gmake -j2 -f &quot;/home/ipk/build-vollkommen-Desktop-Default/Makefile&quot;  VERBOSE=1 &quot;$file&quot;"/>
					<Clean command="/usr/bin/gmake -j2 -f &quot;/home/ipk/build-vollkommen-Desktop-Default/Makefile&quot;  VERBOSE=1 clean"/>
					<DistClean command="/usr/bin/gmake -j2 -f &quot;/home/ipk/build-vollkommen-Desktop-Default/Makefile&quot;  VERBOSE=1 clean"/>
				</MakeCommands>
			</Target>
			<Target title="vollkommen">
				<Option output="/home/ipk/build-vollkommen-Desktop-Default/vollkommen" prefix_auto="0" extension_auto="0"/>
				<Option working_dir="/home/ipk/build-vollkommen-Desktop-Default"/>
				<Option object_output="./"/>
				<Option type="1"/>
				<Option compiler="gcc"/>
				<Compiler>
					<Add option="-DQT_CORE_LIB"/>
					<Add option="-DQT_NO_DEBUG"/>
					<Add directory="/home/ipk/build-vollkommen-Desktop-Default"/>
					<Add directory="/home/ipk/vollkommen"/>
					<Add directory="/home/ipk/build-vollkommen-Desktop-Default/vollkommen_autogen/include"/>
					<Add directory="/usr/include/qt5"/>
					<Add directory="/usr/include/qt5/QtCore"/>
					<Add directory="/usr/lib64/qt5/mkspecs/linux-g++"/>
					<Add directory="/usr/lib/gcc/x86_64-redhat-linux/8/../../../../include/c++/8"/>
					<Add directory="/usr/lib/gcc/x86_64-redhat-linux/8/../../../../include/c++/8/x86_64-redhat-linux"/>
					<Add directory="/usr/lib/gcc/x86_64-redhat-linux/8/../../../../include/c++/8/backward"/>
					<Add directory="/usr/lib/gcc/x86_64-redhat-linux/8/include"/>
					<Add directory="/usr/local/include"/>
					<Add directory="/usr/include"/>
				</Compiler>
				<MakeCommands>
					<Build command="/usr/bin/gmake -j2 -f &quot;/home/ipk/build-vollkommen-Desktop-Default/Makefile&quot;  VERBOSE=1 vollkommen"/>
					<CompileFile command="/usr/bin/gmake -j2 -f &quot;/home/ipk/build-vollkommen-Desktop-Default/Makefile&quot;  VERBOSE=1 &quot;$file&quot;"/>
					<Clean command="/usr/bin/gmake -j2 -f &quot;/home/ipk/build-vollkommen-Desktop-Default/Makefile&quot;  VERBOSE=1 clean"/>
					<DistClean command="/usr/bin/gmake -j2 -f &quot;/home/ipk/build-vollkommen-Desktop-Default/Makefile&quot;  VERBOSE=1 clean"/>
				</MakeCommands>
			</Target>
			<Target title="vollkommen/fast">
				<Option output="/home/ipk/build-vollkommen-Desktop-Default/vollkommen" prefix_auto="0" extension_auto="0"/>
				<Option working_dir="/home/ipk/build-vollkommen-Desktop-Default"/>
				<Option object_output="./"/>
				<Option type="1"/>
				<Option compiler="gcc"/>
				<Compiler>
					<Add option="-DQT_CORE_LIB"/>
					<Add option="-DQT_NO_DEBUG"/>
					<Add directory="/home/ipk/build-vollkommen-Desktop-Default"/>
					<Add directory="/home/ipk/vollkommen"/>
					<Add directory="/home/ipk/build-vollkommen-Desktop-Default/vollkommen_autogen/include"/>
					<Add directory="/usr/include/qt5"/>
					<Add directory="/usr/include/qt5/QtCore"/>
					<Add directory="/usr/lib64/qt5/mkspecs/linux-g++"/>
					<Add directory="/usr/lib/gcc/x86_64-redhat-linux/8/../../../../include/c++/8"/>
					<Add directory="/usr/lib/gcc/x86_64-redhat-linux/8/../../../../include/c++/8/x86_64-redhat-linux"/>
					<Add directory="/usr/lib/gcc/x86_64-redhat-linux/8/../../../../include/c++/8/backward"/>
					<Add directory="/usr/lib/gcc/x86_64-redhat-linux/8/include"/>
					<Add directory="/usr/local/include"/>
					<Add directory="/usr/include"/>
				</Compiler>
				<MakeCommands>
					<Build command="/usr/bin/gmake -j2 -f &quot;/home/ipk/build-vollkommen-Desktop-Default/Makefile&quot;  VERBOSE=1 vollkommen/fast"/>
					<CompileFile command="/usr/bin/gmake -j2 -f &quot;/home/ipk/build-vollkommen-Desktop-Default/Makefile&quot;  VERBOSE=1 &quot;$file&quot;"/>
					<Clean command="/usr/bin/gmake -j2 -f &quot;/home/ipk/build-vollkommen-Desktop-Default/Makefile&quot;  VERBOSE=1 clean"/>
					<DistClean command="/usr/bin/gmake -j2 -f &quot;/home/ipk/build-vollkommen-Desktop-Default/Makefile&quot;  VERBOSE=1 clean"/>
				</MakeCommands>
			</Target>
			<Target title="edit_cache">
				<Option working_dir="/home/ipk/build-vollkommen-Desktop-Default"/>
				<Option type="4"/>
				<MakeCommands>
					<Build command="/usr/bin/gmake -j2 -f &quot;/home/ipk/build-vollkommen-Desktop-Default/Makefile&quot;  VERBOSE=1 edit_cache"/>
					<CompileFile command="/usr/bin/gmake -j2 -f &quot;/home/ipk/build-vollkommen-Desktop-Default/Makefile&quot;  VERBOSE=1 &quot;$file&quot;"/>
					<Clean command="/usr/bin/gmake -j2 -f &quot;/home/ipk/build-vollkommen-Desktop-Default/Makefile&quot;  VERBOSE=1 clean"/>
					<DistClean command="/usr/bin/gmake -j2 -f &quot;/home/ipk/build-vollkommen-Desktop-Default/Makefile&quot;  VERBOSE=1 clean"/>
				</MakeCommands>
			</Target>
			<Target title="vollkommen_autogen">
				<Option working_dir="/home/ipk/build-vollkommen-Desktop-Default"/>
				<Option type="4"/>
				<MakeCommands>
					<Build command="/usr/bin/gmake -j2 -f &quot;/home/ipk/build-vollkommen-Desktop-Default/Makefile&quot;  VERBOSE=1 vollkommen_autogen"/>
					<CompileFile command="/usr/bin/gmake -j2 -f &quot;/home/ipk/build-vollkommen-Desktop-Default/Makefile&quot;  VERBOSE=1 &quot;$file&quot;"/>
					<Clean command="/usr/bin/gmake -j2 -f &quot;/home/ipk/build-vollkommen-Desktop-Default/Makefile&quot;  VERBOSE=1 clean"/>
					<DistClean command="/usr/bin/gmake -j2 -f &quot;/home/ipk/build-vollkommen-Desktop-Default/Makefile&quot;  VERBOSE=1 clean"/>
				</MakeCommands>
			</Target>
		</Build>
		<Unit filename="/home/ipk/build-vollkommen-Desktop-Default/vollkommen_autogen/mocs_compilation.cpp">
			<Option target="vollkommen"/>
		</Unit>
		<Unit filename="/home/ipk/vollkommen/main.cpp">
			<Option target="vollkommen"/>
		</Unit>
		<Unit filename="/home/ipk/vollkommen/CMakeLists.txt">
			<Option virtualFolder="CMake Files\"/>
		</Unit>
		<Unit filename="/home/ipk/vollkommen/../../../usr/lib64/cmake/Qt5Core/Qt5CoreConfig.cmake">
			<Option virtualFolder="CMake Files\..\..\..\usr\lib64\cmake\Qt5Core\"/>
		</Unit>
		<Unit filename="/home/ipk/vollkommen/../../../usr/lib64/cmake/Qt5Core/Qt5CoreConfigExtras.cmake">
			<Option virtualFolder="CMake Files\..\..\..\usr\lib64\cmake\Qt5Core\"/>
		</Unit>
		<Unit filename="/home/ipk/vollkommen/../../../usr/lib64/cmake/Qt5Core/Qt5CoreConfigExtrasMkspecDir.cmake">
			<Option virtualFolder="CMake Files\..\..\..\usr\lib64\cmake\Qt5Core\"/>
		</Unit>
		<Unit filename="/home/ipk/vollkommen/../../../usr/lib64/cmake/Qt5Core/Qt5CoreConfigVersion.cmake">
			<Option virtualFolder="CMake Files\..\..\..\usr\lib64\cmake\Qt5Core\"/>
		</Unit>
		<Unit filename="/home/ipk/vollkommen/../../../usr/lib64/cmake/Qt5Core/Qt5CoreMacros.cmake">
			<Option virtualFolder="CMake Files\..\..\..\usr\lib64\cmake\Qt5Core\"/>
		</Unit>
	</Project>
</CodeBlocks_project_file>
